
Microsoft Visual Studio Solution File, Format Version 12.00
# Visual Studio Version 17
VisualStudioVersion = 17.10.34916.146
MinimumVisualStudioVersion = 10.0.40219.1
Project("{FAE04EC0-301F-11D3-BF4B-00C04F79EFBC}") = "TrainingZoneDrills.Server", "TrainingZoneDrills.Server\TrainingZoneDrills.Server.csproj", "{50BAA9A2-ED18-4509-AB75-92C58F8BC15F}"
EndProject
Project("{54A90642-561A-4BB1-A94E-469ADEE60C69}") = "trainingzonedrills.client", "trainingzonedrills.client\trainingzonedrills.client.esproj", "{227F62A9-689E-43F7-8DA0-F643BD9054F5}"
EndProject
Global
	GlobalSection(SolutionConfigurationPlatforms) = preSolution
		Debug|Any CPU = Debug|Any CPU
		Release|Any CPU = Release|Any CPU
	EndGlobalSection
	GlobalSection(ProjectConfigurationPlatforms) = postSolution
		{50BAA9A2-ED18-4509-AB75-92C58F8BC15F}.Debug|Any CPU.ActiveCfg = Debug|Any CPU
		{50BAA9A2-ED18-4509-AB75-92C58F8BC15F}.Debug|Any CPU.Build.0 = Debug|Any CPU
		{50BAA9A2-ED18-4509-AB75-92C58F8BC15F}.Release|Any CPU.ActiveCfg = Release|Any CPU
		{50BAA9A2-ED18-4509-AB75-92C58F8BC15F}.Release|Any CPU.Build.0 = Release|Any CPU
		{227F62A9-689E-43F7-8DA0-F643BD9054F5}.Debug|Any CPU.ActiveCfg = Debug|Any CPU
		{227F62A9-689E-43F7-8DA0-F643BD9054F5}.Debug|Any CPU.Build.0 = Debug|Any CPU
		{227F62A9-689E-43F7-8DA0-F643BD9054F5}.Debug|Any CPU.Deploy.0 = Debug|Any CPU
		{227F62A9-689E-43F7-8DA0-F643BD9054F5}.Release|Any CPU.ActiveCfg = Release|Any CPU
		{227F62A9-689E-43F7-8DA0-F643BD9054F5}.Release|Any CPU.Build.0 = Release|Any CPU
		{227F62A9-689E-43F7-8DA0-F643BD9054F5}.Release|Any CPU.Deploy.0 = Release|Any CPU
	EndGlobalSection
	GlobalSection(SolutionProperties) = preSolution
		HideSolutionNode = FALSE
	EndGlobalSection
	GlobalSection(ExtensibilityGlobals) = postSolution
		SolutionGuid = {171D73B3-1243-46C6-81C4-249A3944AF41}
	EndGlobalSection
EndGlobal
